
Microsoft Visual Studio Solution File, Format Version 12.00
# Visual Studio 14
VisualStudioVersion = 14.0.25420.1
MinimumVisualStudioVersion = 10.0.40219.1
Project("{FAE04EC0-301F-11D3-BF4B-00C04F79EFBC}") = "LibrarianApplication", "LibrarianApplication\LibrarianApplication.csproj", "{05D766D3-9118-4EEC-8152-16E7CC537EB0}"
EndProject
Project("{FAE04EC0-301F-11D3-BF4B-00C04F79EFBC}") = "TestLibrarianApplication", "TestLibrarianApplication\TestLibrarianApplication.csproj", "{8ADDF1D0-1D65-4DF8-9271-709C97F1280E}"
EndProject
Project("{FAE04EC0-301F-11D3-BF4B-00C04F79EFBC}") = "CollectionImplementation", "CollectionImplementation\CollectionImplementation.csproj", "{52BAFBB5-D244-4BBD-99C4-B972B1CEF651}"
EndProject
Project("{FAE04EC0-301F-11D3-BF4B-00C04F79EFBC}") = "CollectionInterfaces", "CollectionInterfaces\CollectionInterfaces.csproj", "{92328E90-0EE6-447A-B5A7-771D75F05501}"
EndProject
Project("{FAE04EC0-301F-11D3-BF4B-00C04F79EFBC}") = "DocumentImplementation", "DocumentImplementation\DocumentImplementation.csproj", "{2F086161-CDA9-4EE3-81B7-9CFBCBDADF93}"
EndProject
Project("{FAE04EC0-301F-11D3-BF4B-00C04F79EFBC}") = "DocumentInterfaces", "DocumentInterfaces\DocumentInterfaces.csproj", "{58A0F42F-1DF2-4F21-ADB8-188F59855920}"
EndProject
Project("{FAE04EC0-301F-11D3-BF4B-00C04F79EFBC}") = "DocumentUnitTesting", "DocumentUnitTesting\DocumentUnitTesting.csproj", "{BF90D731-8D21-4348-A92D-26D6693986DC}"
EndProject
Project("{FAE04EC0-301F-11D3-BF4B-00C04F79EFBC}") = "NLPInterfaces", "NLPInterfaces\NLPInterfaces.csproj", "{746F3B42-BCB8-4D83-A3D5-5905EA46DCA6}"
EndProject
Project("{FAE04EC0-301F-11D3-BF4B-00C04F79EFBC}") = "NLPImplementations", "NLPImplementations\NLPImplementations.csproj", "{D81B274C-6547-4A5C-92E7-B88AFEE112A9}"
EndProject
Project("{FAE04EC0-301F-11D3-BF4B-00C04F79EFBC}") = "ApplicationStorageImplementation", "ApplicationStorageImplementation\ApplicationStorageImplementation.csproj", "{563E5961-23FE-4ACC-885D-8D2058921971}"
EndProject
Global
	GlobalSection(SolutionConfigurationPlatforms) = preSolution
		Debug|Any CPU = Debug|Any CPU
		Release|Any CPU = Release|Any CPU
	EndGlobalSection
	GlobalSection(ProjectConfigurationPlatforms) = postSolution
		{05D766D3-9118-4EEC-8152-16E7CC537EB0}.Debug|Any CPU.ActiveCfg = Debug|Any CPU
		{05D766D3-9118-4EEC-8152-16E7CC537EB0}.Debug|Any CPU.Build.0 = Debug|Any CPU
		{05D766D3-9118-4EEC-8152-16E7CC537EB0}.Release|Any CPU.ActiveCfg = Release|Any CPU
		{05D766D3-9118-4EEC-8152-16E7CC537EB0}.Release|Any CPU.Build.0 = Release|Any CPU
		{8ADDF1D0-1D65-4DF8-9271-709C97F1280E}.Debug|Any CPU.ActiveCfg = Debug|Any CPU
		{8ADDF1D0-1D65-4DF8-9271-709C97F1280E}.Debug|Any CPU.Build.0 = Debug|Any CPU
		{8ADDF1D0-1D65-4DF8-9271-709C97F1280E}.Release|Any CPU.ActiveCfg = Release|Any CPU
		{8ADDF1D0-1D65-4DF8-9271-709C97F1280E}.Release|Any CPU.Build.0 = Release|Any CPU
		{52BAFBB5-D244-4BBD-99C4-B972B1CEF651}.Debug|Any CPU.ActiveCfg = Debug|Any CPU
		{52BAFBB5-D244-4BBD-99C4-B972B1CEF651}.Debug|Any CPU.Build.0 = Debug|Any CPU
		{52BAFBB5-D244-4BBD-99C4-B972B1CEF651}.Release|Any CPU.ActiveCfg = Release|Any CPU
		{52BAFBB5-D244-4BBD-99C4-B972B1CEF651}.Release|Any CPU.Build.0 = Release|Any CPU
		{92328E90-0EE6-447A-B5A7-771D75F05501}.Debug|Any CPU.ActiveCfg = Debug|Any CPU
		{92328E90-0EE6-447A-B5A7-771D75F05501}.Debug|Any CPU.Build.0 = Debug|Any CPU
		{92328E90-0EE6-447A-B5A7-771D75F05501}.Release|Any CPU.ActiveCfg = Release|Any CPU
		{92328E90-0EE6-447A-B5A7-771D75F05501}.Release|Any CPU.Build.0 = Release|Any CPU
		{2F086161-CDA9-4EE3-81B7-9CFBCBDADF93}.Debug|Any CPU.ActiveCfg = Debug|Any CPU
		{2F086161-CDA9-4EE3-81B7-9CFBCBDADF93}.Debug|Any CPU.Build.0 = Debug|Any CPU
		{2F086161-CDA9-4EE3-81B7-9CFBCBDADF93}.Release|Any CPU.ActiveCfg = Release|Any CPU
		{2F086161-CDA9-4EE3-81B7-9CFBCBDADF93}.Release|Any CPU.Build.0 = Release|Any CPU
		{58A0F42F-1DF2-4F21-ADB8-188F59855920}.Debug|Any CPU.ActiveCfg = Debug|Any CPU
		{58A0F42F-1DF2-4F21-ADB8-188F59855920}.Debug|Any CPU.Build.0 = Debug|Any CPU
		{58A0F42F-1DF2-4F21-ADB8-188F59855920}.Release|Any CPU.ActiveCfg = Release|Any CPU
		{58A0F42F-1DF2-4F21-ADB8-188F59855920}.Release|Any CPU.Build.0 = Release|Any CPU
		{BF90D731-8D21-4348-A92D-26D6693986DC}.Debug|Any CPU.ActiveCfg = Debug|Any CPU
		{BF90D731-8D21-4348-A92D-26D6693986DC}.Debug|Any CPU.Build.0 = Debug|Any CPU
		{BF90D731-8D21-4348-A92D-26D6693986DC}.Release|Any CPU.ActiveCfg = Release|Any CPU
		{BF90D731-8D21-4348-A92D-26D6693986DC}.Release|Any CPU.Build.0 = Release|Any CPU
		{746F3B42-BCB8-4D83-A3D5-5905EA46DCA6}.Debug|Any CPU.ActiveCfg = Debug|Any CPU
		{746F3B42-BCB8-4D83-A3D5-5905EA46DCA6}.Debug|Any CPU.Build.0 = Debug|Any CPU
		{746F3B42-BCB8-4D83-A3D5-5905EA46DCA6}.Release|Any CPU.ActiveCfg = Release|Any CPU
		{746F3B42-BCB8-4D83-A3D5-5905EA46DCA6}.Release|Any CPU.Build.0 = Release|Any CPU
		{D81B274C-6547-4A5C-92E7-B88AFEE112A9}.Debug|Any CPU.ActiveCfg = Debug|Any CPU
		{D81B274C-6547-4A5C-92E7-B88AFEE112A9}.Debug|Any CPU.Build.0 = Debug|Any CPU
		{D81B274C-6547-4A5C-92E7-B88AFEE112A9}.Release|Any CPU.ActiveCfg = Release|Any CPU
		{D81B274C-6547-4A5C-92E7-B88AFEE112A9}.Release|Any CPU.Build.0 = Release|Any CPU
		{563E5961-23FE-4ACC-885D-8D2058921971}.Debug|Any CPU.ActiveCfg = Debug|Any CPU
		{563E5961-23FE-4ACC-885D-8D2058921971}.Debug|Any CPU.Build.0 = Debug|Any CPU
		{563E5961-23FE-4ACC-885D-8D2058921971}.Release|Any CPU.ActiveCfg = Release|Any CPU
		{563E5961-23FE-4ACC-885D-8D2058921971}.Release|Any CPU.Build.0 = Release|Any CPU
	EndGlobalSection
	GlobalSection(SolutionProperties) = preSolution
		HideSolutionNode = FALSE
	EndGlobalSection
EndGlobal
